
Microsoft Visual Studio Solution File, Format Version 12.00
# Visual Studio 15
VisualStudioVersion = 15.0.28307.106
MinimumVisualStudioVersion = 10.0.40219.1
Project("{FAE04EC0-301F-11D3-BF4B-00C04F79EFBC}") = "QuizApplicationMVC5", "QuizApplicationMVC5\QuizApplicationMVC5.csproj", "{BBD182A7-AB91-4E8C-8144-D3D37FB0751F}"
EndProject
Project("{FAE04EC0-301F-11D3-BF4B-00C04F79EFBC}") = "Quiz.Utility", "Quiz.Utility\Quiz.Utility.csproj", "{93325227-A8CA-423B-B380-63E9DF996A84}"
EndProject
Project("{2150E333-8FDC-42A3-9474-1A3956D46DE8}") = "Solution Items", "Solution Items", "{02F8513A-F8C1-49A4-90E0-94B68DA2937D}"
EndProject
Project("{FAE04EC0-301F-11D3-BF4B-00C04F79EFBC}") = "DBScripts", "DBScripts\DBScripts.csproj", "{82C98F69-9BE2-4952-ADAA-F175C4566BC6}"
EndProject
Project("{FAE04EC0-301F-11D3-BF4B-00C04F79EFBC}") = "ServiceMaintanance.Core", "ServiceMaintanance.Core\ServiceMaintanance.Core.csproj", "{0D31432D-E50D-4FFC-BDE0-A8A05ED273AE}"
EndProject
Project("{FAE04EC0-301F-11D3-BF4B-00C04F79EFBC}") = "ServiceMaintanance.Model", "ServiceMaintanance.Model\ServiceMaintanance.Model.csproj", "{5ADB3726-7937-42F7-AD87-3B09E443DAC1}"
EndProject
Project("{FAE04EC0-301F-11D3-BF4B-00C04F79EFBC}") = "ServiceMaintanance.Service", "ServiceMaintanance.Service\ServiceMaintanance.Service.csproj", "{EB966CFA-5DB2-47B7-B417-9068DC2D1EC4}"
EndProject
Global
	GlobalSection(SolutionConfigurationPlatforms) = preSolution
		Debug|Any CPU = Debug|Any CPU
		Release|Any CPU = Release|Any CPU
	EndGlobalSection
	GlobalSection(ProjectConfigurationPlatforms) = postSolution
		{BBD182A7-AB91-4E8C-8144-D3D37FB0751F}.Debug|Any CPU.ActiveCfg = Debug|Any CPU
		{BBD182A7-AB91-4E8C-8144-D3D37FB0751F}.Debug|Any CPU.Build.0 = Debug|Any CPU
		{BBD182A7-AB91-4E8C-8144-D3D37FB0751F}.Release|Any CPU.ActiveCfg = Release|Any CPU
		{BBD182A7-AB91-4E8C-8144-D3D37FB0751F}.Release|Any CPU.Build.0 = Release|Any CPU
		{93325227-A8CA-423B-B380-63E9DF996A84}.Debug|Any CPU.ActiveCfg = Debug|Any CPU
		{93325227-A8CA-423B-B380-63E9DF996A84}.Debug|Any CPU.Build.0 = Debug|Any CPU
		{93325227-A8CA-423B-B380-63E9DF996A84}.Release|Any CPU.ActiveCfg = Release|Any CPU
		{93325227-A8CA-423B-B380-63E9DF996A84}.Release|Any CPU.Build.0 = Release|Any CPU
		{82C98F69-9BE2-4952-ADAA-F175C4566BC6}.Debug|Any CPU.ActiveCfg = Debug|Any CPU
		{82C98F69-9BE2-4952-ADAA-F175C4566BC6}.Debug|Any CPU.Build.0 = Debug|Any CPU
		{82C98F69-9BE2-4952-ADAA-F175C4566BC6}.Release|Any CPU.ActiveCfg = Release|Any CPU
		{82C98F69-9BE2-4952-ADAA-F175C4566BC6}.Release|Any CPU.Build.0 = Release|Any CPU
		{0D31432D-E50D-4FFC-BDE0-A8A05ED273AE}.Debug|Any CPU.ActiveCfg = Debug|Any CPU
		{0D31432D-E50D-4FFC-BDE0-A8A05ED273AE}.Debug|Any CPU.Build.0 = Debug|Any CPU
		{0D31432D-E50D-4FFC-BDE0-A8A05ED273AE}.Release|Any CPU.ActiveCfg = Release|Any CPU
		{0D31432D-E50D-4FFC-BDE0-A8A05ED273AE}.Release|Any CPU.Build.0 = Release|Any CPU
		{5ADB3726-7937-42F7-AD87-3B09E443DAC1}.Debug|Any CPU.ActiveCfg = Debug|Any CPU
		{5ADB3726-7937-42F7-AD87-3B09E443DAC1}.Debug|Any CPU.Build.0 = Debug|Any CPU
		{5ADB3726-7937-42F7-AD87-3B09E443DAC1}.Release|Any CPU.ActiveCfg = Release|Any CPU
		{5ADB3726-7937-42F7-AD87-3B09E443DAC1}.Release|Any CPU.Build.0 = Release|Any CPU
		{EB966CFA-5DB2-47B7-B417-9068DC2D1EC4}.Debug|Any CPU.ActiveCfg = Debug|Any CPU
		{EB966CFA-5DB2-47B7-B417-9068DC2D1EC4}.Debug|Any CPU.Build.0 = Debug|Any CPU
		{EB966CFA-5DB2-47B7-B417-9068DC2D1EC4}.Release|Any CPU.ActiveCfg = Release|Any CPU
		{EB966CFA-5DB2-47B7-B417-9068DC2D1EC4}.Release|Any CPU.Build.0 = Release|Any CPU
	EndGlobalSection
	GlobalSection(SolutionProperties) = preSolution
		HideSolutionNode = FALSE
	EndGlobalSection
	GlobalSection(ExtensibilityGlobals) = postSolution
		SolutionGuid = {B3F20E65-C63E-40BE-BD30-B70CB86A006B}
	EndGlobalSection
EndGlobal
